
Microsoft Visual Studio Solution File, Format Version 12.00
# Visual Studio 2012
Project("{8BC9CEB8-8B4A-11D0-8D11-00A0C91BC942}") = "self_print_prog", "self_print_prog\self_print_prog.vcxproj", "{28617899-9584-4A8C-970F-1E635E731E39}"
EndProject
Global
	GlobalSection(SolutionConfigurationPlatforms) = preSolution
		Debug|Win32 = Debug|Win32
		Release|Win32 = Release|Win32
	EndGlobalSection
	GlobalSection(ProjectConfigurationPlatforms) = postSolution
		{28617899-9584-4A8C-970F-1E635E731E39}.Debug|Win32.ActiveCfg = Debug|Win32
		{28617899-9584-4A8C-970F-1E635E731E39}.Debug|Win32.Build.0 = Debug|Win32
		{28617899-9584-4A8C-970F-1E635E731E39}.Release|Win32.ActiveCfg = Release|Win32
		{28617899-9584-4A8C-970F-1E635E731E39}.Release|Win32.Build.0 = Release|Win32
	EndGlobalSection
	GlobalSection(SolutionProperties) = preSolution
		HideSolutionNode = FALSE
	EndGlobalSection
EndGlobal
